// !$*UTF8*$!
{
	archiveVersion = 1;
	classes = {
	};
	objectVersion = 50;
	objects = {

/* Begin PBXBuildFile section */
		F042FED9274CC7A600742B39 /* AppDelegate.swift in Sources */ = {isa = PBXBuildFile; fileRef = F042FED8274CC7A600742B39 /* AppDelegate.swift */; };
		F042FEDB274CC7A600742B39 /* SceneDelegate.swift in Sources */ = {isa = PBXBuildFile; fileRef = F042FEDA274CC7A600742B39 /* SceneDelegate.swift */; };
		F042FEE0274CC7A600742B39 /* Main.storyboard in Resources */ = {isa = PBXBuildFile; fileRef = F042FEDE274CC7A600742B39 /* Main.storyboard */; };
		F042FEE2274CC7A800742B39 /* Assets.xcassets in Resources */ = {isa = PBXBuildFile; fileRef = F042FEE1274CC7A800742B39 /* Assets.xcassets */; };
		F042FEE5274CC7A800742B39 /* LaunchScreen.storyboard in Resources */ = {isa = PBXBuildFile; fileRef = F042FEE3274CC7A800742B39 /* LaunchScreen.storyboard */; };
		F042FEF7274CC8B900742B39 /* NetworkConfig.swift in Sources */ = {isa = PBXBuildFile; fileRef = F042FEEE274CC8B900742B39 /* NetworkConfig.swift */; };
		F042FEF8274CC8B900742B39 /* APIClient.swift in Sources */ = {isa = PBXBuildFile; fileRef = F042FEEF274CC8B900742B39 /* APIClient.swift */; };
		F042FEF9274CC8B900742B39 /* NetworkManager.swift in Sources */ = {isa = PBXBuildFile; fileRef = F042FEF0274CC8B900742B39 /* NetworkManager.swift */; };
		F042FEFA274CC8B900742B39 /* APIClientProtocol.swift in Sources */ = {isa = PBXBuildFile; fileRef = F042FEF2274CC8B900742B39 /* APIClientProtocol.swift */; };
		F042FEFB274CC8B900742B39 /* NetworkManagerProtocol.swift in Sources */ = {isa = PBXBuildFile; fileRef = F042FEF3274CC8B900742B39 /* NetworkManagerProtocol.swift */; };
		F042FEFC274CC8B900742B39 /* EndPointType.swift in Sources */ = {isa = PBXBuildFile; fileRef = F042FEF4274CC8B900742B39 /* EndPointType.swift */; };
		F042FEFD274CC8B900742B39 /* NetworkConstant.swift in Sources */ = {isa = PBXBuildFile; fileRef = F042FEF5274CC8B900742B39 /* NetworkConstant.swift */; };
		F042FEFE274CC8B900742B39 /* NetworkError.swift in Sources */ = {isa = PBXBuildFile; fileRef = F042FEF6274CC8B900742B39 /* NetworkError.swift */; };
		F042FF0B274CC91500742B39 /* SearchViewModel.swift in Sources */ = {isa = PBXBuildFile; fileRef = F042FF01274CC91500742B39 /* SearchViewModel.swift */; };
		F042FF0C274CC91500742B39 /* SearchItem.swift in Sources */ = {isa = PBXBuildFile; fileRef = F042FF03274CC91500742B39 /* SearchItem.swift */; };
		F042FF0D274CC91500742B39 /* GithubSearch.swift in Sources */ = {isa = PBXBuildFile; fileRef = F042FF04274CC91500742B39 /* GithubSearch.swift */; };
		F042FF0E274CC91500742B39 /* Owner.swift in Sources */ = {isa = PBXBuildFile; fileRef = F042FF05274CC91500742B39 /* Owner.swift */; };
		F042FF0F274CC91500742B39 /* HomeSearchViewController.swift in Sources */ = {isa = PBXBuildFile; fileRef = F042FF07274CC91500742B39 /* HomeSearchViewController.swift */; };
		F042FF10274CC91500742B39 /* SearchCell.swift in Sources */ = {isa = PBXBuildFile; fileRef = F042FF08274CC91500742B39 /* SearchCell.swift */; };
		F042FF11274CC91500742B39 /* GithubSearchRequest.swift in Sources */ = {isa = PBXBuildFile; fileRef = F042FF0A274CC91500742B39 /* GithubSearchRequest.swift */; };
		F042FF15274CC99600742B39 /* SearchDetailViewController.swift in Sources */ = {isa = PBXBuildFile; fileRef = F042FF13274CC99600742B39 /* SearchDetailViewController.swift */; };
		F042FF16274CC99600742B39 /* SearchView.swift in Sources */ = {isa = PBXBuildFile; fileRef = F042FF14274CC99600742B39 /* SearchView.swift */; };
		F042FF19274CCA5500742B39 /* Utility.swift in Sources */ = {isa = PBXBuildFile; fileRef = F042FF18274CCA5500742B39 /* Utility.swift */; };
/* End PBXBuildFile section */

/* Begin PBXFileReference section */
		F042FED5274CC7A600742B39 /* YouGovGithubSearchName.app */ = {isa = PBXFileReference; explicitFileType = wrapper.application; includeInIndex = 0; path = YouGovGithubSearchName.app; sourceTree = BUILT_PRODUCTS_DIR; };
		F042FED8274CC7A600742B39 /* AppDelegate.swift */ = {isa = PBXFileReference; lastKnownFileType = sourcecode.swift; path = AppDelegate.swift; sourceTree = "<group>"; };
		F042FEDA274CC7A600742B39 /* SceneDelegate.swift */ = {isa = PBXFileReference; lastKnownFileType = sourcecode.swift; path = SceneDelegate.swift; sourceTree = "<group>"; };
		F042FEDF274CC7A600742B39 /* Base */ = {isa = PBXFileReference; lastKnownFileType = file.storyboard; name = Base; path = Base.lproj/Main.storyboard; sourceTree = "<group>"; };
		F042FEE1274CC7A800742B39 /* Assets.xcassets */ = {isa = PBXFileReference; lastKnownFileType = folder.assetcatalog; path = Assets.xcassets; sourceTree = "<group>"; };
		F042FEE4274CC7A800742B39 /* Base */ = {isa = PBXFileReference; lastKnownFileType = file.storyboard; name = Base; path = Base.lproj/LaunchScreen.storyboard; sourceTree = "<group>"; };
		F042FEE6274CC7A800742B39 /* Info.plist */ = {isa = PBXFileReference; lastKnownFileType = text.plist.xml; path = Info.plist; sourceTree = "<group>"; };
		F042FEEE274CC8B900742B39 /* NetworkConfig.swift */ = {isa = PBXFileReference; fileEncoding = 4; lastKnownFileType = sourcecode.swift; path = NetworkConfig.swift; sourceTree = "<group>"; };
		F042FEEF274CC8B900742B39 /* APIClient.swift */ = {isa = PBXFileReference; fileEncoding = 4; lastKnownFileType = sourcecode.swift; path = APIClient.swift; sourceTree = "<group>"; };
		F042FEF0274CC8B900742B39 /* NetworkManager.swift */ = {isa = PBXFileReference; fileEncoding = 4; lastKnownFileType = sourcecode.swift; path = NetworkManager.swift; sourceTree = "<group>"; };
		F042FEF2274CC8B900742B39 /* APIClientProtocol.swift */ = {isa = PBXFileReference; fileEncoding = 4; lastKnownFileType = sourcecode.swift; path = APIClientProtocol.swift; sourceTree = "<group>"; };
		F042FEF3274CC8B900742B39 /* NetworkManagerProtocol.swift */ = {isa = PBXFileReference; fileEncoding = 4; lastKnownFileType = sourcecode.swift; path = NetworkManagerProtocol.swift; sourceTree = "<group>"; };
		F042FEF4274CC8B900742B39 /* EndPointType.swift */ = {isa = PBXFileReference; fileEncoding = 4; lastKnownFileType = sourcecode.swift; path = EndPointType.swift; sourceTree = "<group>"; };
		F042FEF5274CC8B900742B39 /* NetworkConstant.swift */ = {isa = PBXFileReference; fileEncoding = 4; lastKnownFileType = sourcecode.swift; path = NetworkConstant.swift; sourceTree = "<group>"; };
		F042FEF6274CC8B900742B39 /* NetworkError.swift */ = {isa = PBXFileReference; fileEncoding = 4; lastKnownFileType = sourcecode.swift; path = NetworkError.swift; sourceTree = "<group>"; };
		F042FF01274CC91500742B39 /* SearchViewModel.swift */ = {isa = PBXFileReference; fileEncoding = 4; lastKnownFileType = sourcecode.swift; path = SearchViewModel.swift; sourceTree = "<group>"; };
		F042FF03274CC91500742B39 /* SearchItem.swift */ = {isa = PBXFileReference; fileEncoding = 4; lastKnownFileType = sourcecode.swift; path = SearchItem.swift; sourceTree = "<group>"; };
		F042FF04274CC91500742B39 /* GithubSearch.swift */ = {isa = PBXFileReference; fileEncoding = 4; lastKnownFileType = sourcecode.swift; path = GithubSearch.swift; sourceTree = "<group>"; };
		F042FF05274CC91500742B39 /* Owner.swift */ = {isa = PBXFileReference; fileEncoding = 4; lastKnownFileType = sourcecode.swift; path = Owner.swift; sourceTree = "<group>"; };
		F042FF07274CC91500742B39 /* HomeSearchViewController.swift */ = {isa = PBXFileReference; fileEncoding = 4; lastKnownFileType = sourcecode.swift; path = HomeSearchViewController.swift; sourceTree = "<group>"; };
		F042FF08274CC91500742B39 /* SearchCell.swift */ = {isa = PBXFileReference; fileEncoding = 4; lastKnownFileType = sourcecode.swift; path = SearchCell.swift; sourceTree = "<group>"; };
		F042FF0A274CC91500742B39 /* GithubSearchRequest.swift */ = {isa = PBXFileReference; fileEncoding = 4; lastKnownFileType = sourcecode.swift; path = GithubSearchRequest.swift; sourceTree = "<group>"; };
		F042FF13274CC99600742B39 /* SearchDetailViewController.swift */ = {isa = PBXFileReference; fileEncoding = 4; lastKnownFileType = sourcecode.swift; path = SearchDetailViewController.swift; sourceTree = "<group>"; };
		F042FF14274CC99600742B39 /* SearchView.swift */ = {isa = PBXFileReference; fileEncoding = 4; lastKnownFileType = sourcecode.swift; path = SearchView.swift; sourceTree = "<group>"; };
		F042FF18274CCA5500742B39 /* Utility.swift */ = {isa = PBXFileReference; fileEncoding = 4; lastKnownFileType = sourcecode.swift; path = Utility.swift; sourceTree = "<group>"; };
/* End PBXFileReference section */

/* Begin PBXFrameworksBuildPhase section */
		F042FED2274CC7A600742B39 /* Frameworks */ = {
			isa = PBXFrameworksBuildPhase;
			buildActionMask = 2147483647;
			files = (
			);
			runOnlyForDeploymentPostprocessing = 0;
		};
/* End PBXFrameworksBuildPhase section */

/* Begin PBXGroup section */
		F042FECC274CC7A600742B39 = {
			isa = PBXGroup;
			children = (
				F042FED7274CC7A600742B39 /* YouGovGithubSearchName */,
				F042FED6274CC7A600742B39 /* Products */,
			);
			sourceTree = "<group>";
		};
		F042FED6274CC7A600742B39 /* Products */ = {
			isa = PBXGroup;
			children = (
				F042FED5274CC7A600742B39 /* YouGovGithubSearchName.app */,
			);
			name = Products;
			sourceTree = "<group>";
		};
		F042FED7274CC7A600742B39 /* YouGovGithubSearchName */ = {
			isa = PBXGroup;
			children = (
				F042FF1A274CCA6600742B39 /* Resources */,
				F042FF17274CCA2C00742B39 /* Common */,
				F042FF12274CC99600742B39 /* GithubSearchDetail */,
				F042FEFF274CC91500742B39 /* GithubSearch */,
				F042FEEC274CC8B900742B39 /* Network */,
				F042FEDE274CC7A600742B39 /* Main.storyboard */,
				F042FEE3274CC7A800742B39 /* LaunchScreen.storyboard */,
				F042FEE6274CC7A800742B39 /* Info.plist */,
			);
			path = YouGovGithubSearchName;
			sourceTree = "<group>";
		};
		F042FEEC274CC8B900742B39 /* Network */ = {
			isa = PBXGroup;
			children = (
				F042FEED274CC8B900742B39 /* Config */,
				F042FEEF274CC8B900742B39 /* APIClient.swift */,
				F042FEF0274CC8B900742B39 /* NetworkManager.swift */,
				F042FEF1274CC8B900742B39 /* Protocol */,
				F042FEF5274CC8B900742B39 /* NetworkConstant.swift */,
				F042FEF6274CC8B900742B39 /* NetworkError.swift */,
			);
			path = Network;
			sourceTree = "<group>";
		};
		F042FEED274CC8B900742B39 /* Config */ = {
			isa = PBXGroup;
			children = (
				F042FEEE274CC8B900742B39 /* NetworkConfig.swift */,
			);
			path = Config;
			sourceTree = "<group>";
		};
		F042FEF1274CC8B900742B39 /* Protocol */ = {
			isa = PBXGroup;
			children = (
				F042FEF2274CC8B900742B39 /* APIClientProtocol.swift */,
				F042FEF3274CC8B900742B39 /* NetworkManagerProtocol.swift */,
				F042FEF4274CC8B900742B39 /* EndPointType.swift */,
			);
			path = Protocol;
			sourceTree = "<group>";
		};
		F042FEFF274CC91500742B39 /* GithubSearch */ = {
			isa = PBXGroup;
			children = (
				F042FF00274CC91500742B39 /* ViewModel */,
				F042FF02274CC91500742B39 /* Model */,
				F042FF06274CC91500742B39 /* View */,
				F042FF09274CC91500742B39 /* Request */,
			);
			path = GithubSearch;
			sourceTree = "<group>";
		};
		F042FF00274CC91500742B39 /* ViewModel */ = {
			isa = PBXGroup;
			children = (
				F042FF01274CC91500742B39 /* SearchViewModel.swift */,
			);
			path = ViewModel;
			sourceTree = "<group>";
		};
		F042FF02274CC91500742B39 /* Model */ = {
			isa = PBXGroup;
			children = (
				F042FF03274CC91500742B39 /* SearchItem.swift */,
				F042FF04274CC91500742B39 /* GithubSearch.swift */,
				F042FF05274CC91500742B39 /* Owner.swift */,
			);
			path = Model;
			sourceTree = "<group>";
		};
		F042FF06274CC91500742B39 /* View */ = {
			isa = PBXGroup;
			children = (
				F042FF07274CC91500742B39 /* HomeSearchViewController.swift */,
				F042FF08274CC91500742B39 /* SearchCell.swift */,
			);
			path = View;
			sourceTree = "<group>";
		};
		F042FF09274CC91500742B39 /* Request */ = {
			isa = PBXGroup;
			children = (
				F042FF0A274CC91500742B39 /* GithubSearchRequest.swift */,
			);
			path = Request;
			sourceTree = "<group>";
		};
		F042FF12274CC99600742B39 /* GithubSearchDetail */ = {
			isa = PBXGroup;
			children = (
				F042FF13274CC99600742B39 /* SearchDetailViewController.swift */,
				F042FF14274CC99600742B39 /* SearchView.swift */,
			);
			path = GithubSearchDetail;
			sourceTree = "<group>";
		};
		F042FF17274CCA2C00742B39 /* Common */ = {
			isa = PBXGroup;
			children = (
				F042FEDA274CC7A600742B39 /* SceneDelegate.swift */,
				F042FED8274CC7A600742B39 /* AppDelegate.swift */,
				F042FF18274CCA5500742B39 /* Utility.swift */,
			);
			path = Common;
			sourceTree = "<group>";
		};
		F042FF1A274CCA6600742B39 /* Resources */ = {
			isa = PBXGroup;
			children = (
				F042FEE1274CC7A800742B39 /* Assets.xcassets */,
			);
			path = Resources;
			sourceTree = "<group>";
		};
/* End PBXGroup section */

/* Begin PBXNativeTarget section */
		F042FED4274CC7A600742B39 /* YouGovGithubSearchName */ = {
			isa = PBXNativeTarget;
			buildConfigurationList = F042FEE9274CC7A800742B39 /* Build configuration list for PBXNativeTarget "YouGovGithubSearchName" */;
			buildPhases = (
				F042FED1274CC7A600742B39 /* Sources */,
				F042FED2274CC7A600742B39 /* Frameworks */,
				F042FED3274CC7A600742B39 /* Resources */,
			);
			buildRules = (
			);
			dependencies = (
			);
			name = YouGovGithubSearchName;
			productName = YouGovGithubSearchName;
			productReference = F042FED5274CC7A600742B39 /* YouGovGithubSearchName.app */;
			productType = "com.apple.product-type.application";
		};
/* End PBXNativeTarget section */

/* Begin PBXProject section */
		F042FECD274CC7A600742B39 /* Project object */ = {
			isa = PBXProject;
			attributes = {
				LastSwiftUpdateCheck = 1250;
				LastUpgradeCheck = 1250;
				TargetAttributes = {
					F042FED4274CC7A600742B39 = {
						CreatedOnToolsVersion = 12.5;
					};
				};
			};
			buildConfigurationList = F042FED0274CC7A600742B39 /* Build configuration list for PBXProject "YouGovGithubSearchName" */;
			compatibilityVersion = "Xcode 9.3";
			developmentRegion = en;
			hasScannedForEncodings = 0;
			knownRegions = (
				en,
				Base,
			);
			mainGroup = F042FECC274CC7A600742B39;
			productRefGroup = F042FED6274CC7A600742B39 /* Products */;
			projectDirPath = "";
			projectRoot = "";
			targets = (
				F042FED4274CC7A600742B39 /* YouGovGithubSearchName */,
			);
		};
/* End PBXProject section */

/* Begin PBXResourcesBuildPhase section */
		F042FED3274CC7A600742B39 /* Resources */ = {
			isa = PBXResourcesBuildPhase;
			buildActionMask = 2147483647;
			files = (
				F042FEE5274CC7A800742B39 /* LaunchScreen.storyboard in Resources */,
				F042FEE2274CC7A800742B39 /* Assets.xcassets in Resources */,
				F042FEE0274CC7A600742B39 /* Main.storyboard in Resources */,
			);
			runOnlyForDeploymentPostprocessing = 0;
		};
/* End PBXResourcesBuildPhase section */

/* Begin PBXSourcesBuildPhase section */
		F042FED1274CC7A600742B39 /* Sources */ = {
			isa = PBXSourcesBuildPhase;
			buildActionMask = 2147483647;
			files = (
				F042FF19274CCA5500742B39 /* Utility.swift in Sources */,
				F042FF16274CC99600742B39 /* SearchView.swift in Sources */,
				F042FEF9274CC8B900742B39 /* NetworkManager.swift in Sources */,
				F042FF11274CC91500742B39 /* GithubSearchRequest.swift in Sources */,
				F042FF0C274CC91500742B39 /* SearchItem.swift in Sources */,
				F042FEFC274CC8B900742B39 /* EndPointType.swift in Sources */,
				F042FF15274CC99600742B39 /* SearchDetailViewController.swift in Sources */,
				F042FED9274CC7A600742B39 /* AppDelegate.swift in Sources */,
				F042FEF7274CC8B900742B39 /* NetworkConfig.swift in Sources */,
				F042FEF8274CC8B900742B39 /* APIClient.swift in Sources */,
				F042FF0F274CC91500742B39 /* HomeSearchViewController.swift in Sources */,
				F042FF0B274CC91500742B39 /* SearchViewModel.swift in Sources */,
				F042FEFA274CC8B900742B39 /* APIClientProtocol.swift in Sources */,
				F042FEFB274CC8B900742B39 /* NetworkManagerProtocol.swift in Sources */,
				F042FEFD274CC8B900742B39 /* NetworkConstant.swift in Sources */,
				F042FEFE274CC8B900742B39 /* NetworkError.swift in Sources */,
				F042FF0D274CC91500742B39 /* GithubSearch.swift in Sources */,
				F042FF0E274CC91500742B39 /* Owner.swift in Sources */,
				F042FF10274CC91500742B39 /* SearchCell.swift in Sources */,
				F042FEDB274CC7A600742B39 /* SceneDelegate.swift in Sources */,
			);
			runOnlyForDeploymentPostprocessing = 0;
		};
/* End PBXSourcesBuildPhase section */

/* Begin PBXVariantGroup section */
		F042FEDE274CC7A600742B39 /* Main.storyboard */ = {
			isa = PBXVariantGroup;
			children = (
				F042FEDF274CC7A600742B39 /* Base */,
			);
			name = Main.storyboard;
			sourceTree = "<group>";
		};
		F042FEE3274CC7A800742B39 /* LaunchScreen.storyboard */ = {
			isa = PBXVariantGroup;
			children = (
				F042FEE4274CC7A800742B39 /* Base */,
			);
			name = LaunchScreen.storyboard;
			sourceTree = "<group>";
		};
/* End PBXVariantGroup section */

/* Begin XCBuildConfiguration section */
		F042FEE7274CC7A800742B39 /* Debug */ = {
			isa = XCBuildConfiguration;
			buildSettings = {
				ALWAYS_SEARCH_USER_PATHS = NO;
				CLANG_ANALYZER_NONNULL = YES;
				CLANG_ANALYZER_NUMBER_OBJECT_CONVERSION = YES_AGGRESSIVE;
				CLANG_CXX_LANGUAGE_STANDARD = "gnu++14";
				CLANG_CXX_LIBRARY = "libc++";
				CLANG_ENABLE_MODULES = YES;
				CLANG_ENABLE_OBJC_ARC = YES;
				CLANG_ENABLE_OBJC_WEAK = YES;
				CLANG_WARN_BLOCK_CAPTURE_AUTORELEASING = YES;
				CLANG_WARN_BOOL_CONVERSION = YES;
				CLANG_WARN_COMMA = YES;
				CLANG_WARN_CONSTANT_CONVERSION = YES;
				CLANG_WARN_DEPRECATED_OBJC_IMPLEMENTATIONS = YES;
				CLANG_WARN_DIRECT_OBJC_ISA_USAGE = YES_ERROR;
				CLANG_WARN_DOCUMENTATION_COMMENTS = YES;
				CLANG_WARN_EMPTY_BODY = YES;
				CLANG_WARN_ENUM_CONVERSION = YES;
				CLANG_WARN_INFINITE_RECURSION = YES;
				CLANG_WARN_INT_CONVERSION = YES;
				CLANG_WARN_NON_LITERAL_NULL_CONVERSION = YES;
				CLANG_WARN_OBJC_IMPLICIT_RETAIN_SELF = YES;
				CLANG_WARN_OBJC_LITERAL_CONVERSION = YES;
				CLANG_WARN_OBJC_ROOT_CLASS = YES_ERROR;
				CLANG_WARN_QUOTED_INCLUDE_IN_FRAMEWORK_HEADER = YES;
				CLANG_WARN_RANGE_LOOP_ANALYSIS = YES;
				CLANG_WARN_STRICT_PROTOTYPES = YES;
				CLANG_WARN_SUSPICIOUS_MOVE = YES;
				CLANG_WARN_UNGUARDED_AVAILABILITY = YES_AGGRESSIVE;
				CLANG_WARN_UNREACHABLE_CODE = YES;
				CLANG_WARN__DUPLICATE_METHOD_MATCH = YES;
				COPY_PHASE_STRIP = NO;
				DEBUG_INFORMATION_FORMAT = dwarf;
				ENABLE_STRICT_OBJC_MSGSEND = YES;
				ENABLE_TESTABILITY = YES;
				GCC_C_LANGUAGE_STANDARD = gnu11;
				GCC_DYNAMIC_NO_PIC = NO;
				GCC_NO_COMMON_BLOCKS = YES;
				GCC_OPTIMIZATION_LEVEL = 0;
				GCC_PREPROCESSOR_DEFINITIONS = (
					"DEBUG=1",
					"$(inherited)",
				);
				GCC_WARN_64_TO_32_BIT_CONVERSION = YES;
				GCC_WARN_ABOUT_RETURN_TYPE = YES_ERROR;
				GCC_WARN_UNDECLARED_SELECTOR = YES;
				GCC_WARN_UNINITIALIZED_AUTOS = YES_AGGRESSIVE;
				GCC_WARN_UNUSED_FUNCTION = YES;
				GCC_WARN_UNUSED_VARIABLE = YES;
				IPHONEOS_DEPLOYMENT_TARGET = 14.5;
				MTL_ENABLE_DEBUG_INFO = INCLUDE_SOURCE;
				MTL_FAST_MATH = YES;
				ONLY_ACTIVE_ARCH = YES;
				SDKROOT = iphoneos;
				SWIFT_ACTIVE_COMPILATION_CONDITIONS = DEBUG;
				SWIFT_OPTIMIZATION_LEVEL = "-Onone";
			};
			name = Debug;
		};
		F042FEE8274CC7A800742B39 /* Release */ = {
			isa = XCBuildConfiguration;
			buildSettings = {
				ALWAYS_SEARCH_USER_PATHS = NO;
				CLANG_ANALYZER_NONNULL = YES;
				CLANG_ANALYZER_NUMBER_OBJECT_CONVERSION = YES_AGGRESSIVE;
				CLANG_CXX_LANGUAGE_STANDARD = "gnu++14";
				CLANG_CXX_LIBRARY = "libc++";
				CLANG_ENABLE_MODULES = YES;
				CLANG_ENABLE_OBJC_ARC = YES;
				CLANG_ENABLE_OBJC_WEAK = YES;
				CLANG_WARN_BLOCK_CAPTURE_AUTORELEASING = YES;
				CLANG_WARN_BOOL_CONVERSION = YES;
				CLANG_WARN_COMMA = YES;
				CLANG_WARN_CONSTANT_CONVERSION = YES;
				CLANG_WARN_DEPRECATED_OBJC_IMPLEMENTATIONS = YES;
				CLANG_WARN_DIRECT_OBJC_ISA_USAGE = YES_ERROR;
				CLANG_WARN_DOCUMENTATION_COMMENTS = YES;
				CLANG_WARN_EMPTY_BODY = YES;
				CLANG_WARN_ENUM_CONVERSION = YES;
				CLANG_WARN_INFINITE_RECURSION = YES;
				CLANG_WARN_INT_CONVERSION = YES;
				CLANG_WARN_NON_LITERAL_NULL_CONVERSION = YES;
				CLANG_WARN_OBJC_IMPLICIT_RETAIN_SELF = YES;
				CLANG_WARN_OBJC_LITERAL_CONVERSION = YES;
				CLANG_WARN_OBJC_ROOT_CLASS = YES_ERROR;
				CLANG_WARN_QUOTED_INCLUDE_IN_FRAMEWORK_HEADER = YES;
				CLANG_WARN_RANGE_LOOP_ANALYSIS = YES;
				CLANG_WARN_STRICT_PROTOTYPES = YES;
				CLANG_WARN_SUSPICIOUS_MOVE = YES;
				CLANG_WARN_UNGUARDED_AVAILABILITY = YES_AGGRESSIVE;
				CLANG_WARN_UNREACHABLE_CODE = YES;
				CLANG_WARN__DUPLICATE_METHOD_MATCH = YES;
				COPY_PHASE_STRIP = NO;
				DEBUG_INFORMATION_FORMAT = "dwarf-with-dsym";
				ENABLE_NS_ASSERTIONS = NO;
				ENABLE_STRICT_OBJC_MSGSEND = YES;
				GCC_C_LANGUAGE_STANDARD = gnu11;
				GCC_NO_COMMON_BLOCKS = YES;
				GCC_WARN_64_TO_32_BIT_CONVERSION = YES;
				GCC_WARN_ABOUT_RETURN_TYPE = YES_ERROR;
				GCC_WARN_UNDECLARED_SELECTOR = YES;
				GCC_WARN_UNINITIALIZED_AUTOS = YES_AGGRESSIVE;
				GCC_WARN_UNUSED_FUNCTION = YES;
				GCC_WARN_UNUSED_VARIABLE = YES;
				IPHONEOS_DEPLOYMENT_TARGET = 14.5;
				MTL_ENABLE_DEBUG_INFO = NO;
				MTL_FAST_MATH = YES;
				SDKROOT = iphoneos;
				SWIFT_COMPILATION_MODE = wholemodule;
				SWIFT_OPTIMIZATION_LEVEL = "-O";
				VALIDATE_PRODUCT = YES;
			};
			name = Release;
		};
		F042FEEA274CC7A800742B39 /* Debug */ = {
			isa = XCBuildConfiguration;
			buildSettings = {
				ASSETCATALOG_COMPILER_APPICON_NAME = AppIcon;
				ASSETCATALOG_COMPILER_GLOBAL_ACCENT_COLOR_NAME = AccentColor;
				CODE_SIGN_STYLE = Automatic;
				INFOPLIST_FILE = YouGovGithubSearchName/Info.plist;
				LD_RUNPATH_SEARCH_PATHS = (
					"$(inherited)",
					"@executable_path/Frameworks",
				);
				PRODUCT_BUNDLE_IDENTIFIER = com.identifier.test.YouGovGithubSearchName;
				PRODUCT_NAME = "$(TARGET_NAME)";
				SWIFT_VERSION = 5.0;
				TARGETED_DEVICE_FAMILY = "1,2";
			};
			name = Debug;
		};
		F042FEEB274CC7A800742B39 /* Release */ = {
			isa = XCBuildConfiguration;
			buildSettings = {
				ASSETCATALOG_COMPILER_APPICON_NAME = AppIcon;
				ASSETCATALOG_COMPILER_GLOBAL_ACCENT_COLOR_NAME = AccentColor;
				CODE_SIGN_STYLE = Automatic;
				INFOPLIST_FILE = YouGovGithubSearchName/Info.plist;
				LD_RUNPATH_SEARCH_PATHS = (
					"$(inherited)",
					"@executable_path/Frameworks",
				);
				PRODUCT_BUNDLE_IDENTIFIER = com.identifier.test.YouGovGithubSearchName;
				PRODUCT_NAME = "$(TARGET_NAME)";
				SWIFT_VERSION = 5.0;
				TARGETED_DEVICE_FAMILY = "1,2";
			};
			name = Release;
		};
/* End XCBuildConfiguration section */

/* Begin XCConfigurationList section */
		F042FED0274CC7A600742B39 /* Build configuration list for PBXProject "YouGovGithubSearchName" */ = {
			isa = XCConfigurationList;
			buildConfigurations = (
				F042FEE7274CC7A800742B39 /* Debug */,
				F042FEE8274CC7A800742B39 /* Release */,
			);
			defaultConfigurationIsVisible = 0;
			defaultConfigurationName = Release;
		};
		F042FEE9274CC7A800742B39 /* Build configuration list for PBXNativeTarget "YouGovGithubSearchName" */ = {
			isa = XCConfigurationList;
			buildConfigurations = (
				F042FEEA274CC7A800742B39 /* Debug */,
				F042FEEB274CC7A800742B39 /* Release */,
			);
			defaultConfigurationIsVisible = 0;
			defaultConfigurationName = Release;
		};
/* End XCConfigurationList section */
	};
	rootObject = F042FECD274CC7A600742B39 /* Project object */;
}
